// !$*UTF8*$!
{
	archiveVersion = 1;
	classes = {
	};
	objectVersion = 50;
	objects = {

/* Begin PBXBuildFile section */
		842E1E94256159F000C5144E /* Extension + UIViewController.swift in Sources */ = {isa = PBXBuildFile; fileRef = 842E1E93256159F000C5144E /* Extension + UIViewController.swift */; };
		84CBF7FB25600CC5007353DF /* AppDelegate.swift in Sources */ = {isa = PBXBuildFile; fileRef = 84CBF7FA25600CC5007353DF /* AppDelegate.swift */; };
		84CBF7FD25600CC5007353DF /* SceneDelegate.swift in Sources */ = {isa = PBXBuildFile; fileRef = 84CBF7FC25600CC5007353DF /* SceneDelegate.swift */; };
		84CBF80225600CC5007353DF /* Main.storyboard in Resources */ = {isa = PBXBuildFile; fileRef = 84CBF80025600CC5007353DF /* Main.storyboard */; };
		84CBF80425600CC8007353DF /* Assets.xcassets in Resources */ = {isa = PBXBuildFile; fileRef = 84CBF80325600CC8007353DF /* Assets.xcassets */; };
		84CBF80725600CC8007353DF /* LaunchScreen.storyboard in Resources */ = {isa = PBXBuildFile; fileRef = 84CBF80525600CC8007353DF /* LaunchScreen.storyboard */; };
		84CBF81225600D37007353DF /* CollectionViewCell.swift in Sources */ = {isa = PBXBuildFile; fileRef = 84CBF81125600D37007353DF /* CollectionViewCell.swift */; };
		84CBF81525600D77007353DF /* ListOfCountriesCollectionViewController.swift in Sources */ = {isa = PBXBuildFile; fileRef = 84CBF81425600D77007353DF /* ListOfCountriesCollectionViewController.swift */; };
		84CBF81825600EA9007353DF /* Country.swift in Sources */ = {isa = PBXBuildFile; fileRef = 84CBF81725600EA9007353DF /* Country.swift */; };
		84CBF81B25603305007353DF /* NetworkManager.swift in Sources */ = {isa = PBXBuildFile; fileRef = 84CBF81A25603305007353DF /* NetworkManager.swift */; };
		84CBF81E256050DC007353DF /* DetailInformationViewController.swift in Sources */ = {isa = PBXBuildFile; fileRef = 84CBF81D256050DC007353DF /* DetailInformationViewController.swift */; };
/* End PBXBuildFile section */

/* Begin PBXFileReference section */
		842E1E93256159F000C5144E /* Extension + UIViewController.swift */ = {isa = PBXFileReference; lastKnownFileType = sourcecode.swift; path = "Extension + UIViewController.swift"; sourceTree = "<group>"; };
		84CBF7F725600CC5007353DF /* CountriesOfTheWorldApp.app */ = {isa = PBXFileReference; explicitFileType = wrapper.application; includeInIndex = 0; path = CountriesOfTheWorldApp.app; sourceTree = BUILT_PRODUCTS_DIR; };
		84CBF7FA25600CC5007353DF /* AppDelegate.swift */ = {isa = PBXFileReference; lastKnownFileType = sourcecode.swift; path = AppDelegate.swift; sourceTree = "<group>"; };
		84CBF7FC25600CC5007353DF /* SceneDelegate.swift */ = {isa = PBXFileReference; lastKnownFileType = sourcecode.swift; path = SceneDelegate.swift; sourceTree = "<group>"; };
		84CBF80125600CC5007353DF /* Base */ = {isa = PBXFileReference; lastKnownFileType = file.storyboard; name = Base; path = Base.lproj/Main.storyboard; sourceTree = "<group>"; };
		84CBF80325600CC8007353DF /* Assets.xcassets */ = {isa = PBXFileReference; lastKnownFileType = folder.assetcatalog; path = Assets.xcassets; sourceTree = "<group>"; };
		84CBF80625600CC8007353DF /* Base */ = {isa = PBXFileReference; lastKnownFileType = file.storyboard; name = Base; path = Base.lproj/LaunchScreen.storyboard; sourceTree = "<group>"; };
		84CBF80825600CC8007353DF /* Info.plist */ = {isa = PBXFileReference; lastKnownFileType = text.plist.xml; path = Info.plist; sourceTree = "<group>"; };
		84CBF81125600D37007353DF /* CollectionViewCell.swift */ = {isa = PBXFileReference; lastKnownFileType = sourcecode.swift; path = CollectionViewCell.swift; sourceTree = "<group>"; };
		84CBF81425600D77007353DF /* ListOfCountriesCollectionViewController.swift */ = {isa = PBXFileReference; lastKnownFileType = sourcecode.swift; path = ListOfCountriesCollectionViewController.swift; sourceTree = "<group>"; };
		84CBF81725600EA9007353DF /* Country.swift */ = {isa = PBXFileReference; lastKnownFileType = sourcecode.swift; path = Country.swift; sourceTree = "<group>"; };
		84CBF81A25603305007353DF /* NetworkManager.swift */ = {isa = PBXFileReference; lastKnownFileType = sourcecode.swift; path = NetworkManager.swift; sourceTree = "<group>"; };
		84CBF81D256050DC007353DF /* DetailInformationViewController.swift */ = {isa = PBXFileReference; lastKnownFileType = sourcecode.swift; path = DetailInformationViewController.swift; sourceTree = "<group>"; };
/* End PBXFileReference section */

/* Begin PBXFrameworksBuildPhase section */
		84CBF7F425600CC5007353DF /* Frameworks */ = {
			isa = PBXFrameworksBuildPhase;
			buildActionMask = 2147483647;
			files = (
			);
			runOnlyForDeploymentPostprocessing = 0;
		};
/* End PBXFrameworksBuildPhase section */

/* Begin PBXGroup section */
		842E1E8D2561551B00C5144E /* ViewControllers */ = {
			isa = PBXGroup;
			children = (
				84CBF81D256050DC007353DF /* DetailInformationViewController.swift */,
				84CBF81425600D77007353DF /* ListOfCountriesCollectionViewController.swift */,
			);
			path = ViewControllers;
			sourceTree = "<group>";
		};
		842E1E8F2561552E00C5144E /* Model */ = {
			isa = PBXGroup;
			children = (
				84CBF81725600EA9007353DF /* Country.swift */,
			);
			path = Model;
			sourceTree = "<group>";
		};
		842E1E902561555500C5144E /* NetworkManager */ = {
			isa = PBXGroup;
			children = (
				84CBF81A25603305007353DF /* NetworkManager.swift */,
			);
			path = NetworkManager;
			sourceTree = "<group>";
		};
		842E1E912561556900C5144E /* Storyboards */ = {
			isa = PBXGroup;
			children = (
				84CBF80025600CC5007353DF /* Main.storyboard */,
				84CBF80525600CC8007353DF /* LaunchScreen.storyboard */,
			);
			path = Storyboards;
			sourceTree = "<group>";
		};
		842E1E972561669E00C5144E /* Extensions */ = {
			isa = PBXGroup;
			children = (
				842E1E93256159F000C5144E /* Extension + UIViewController.swift */,
			);
			path = Extensions;
			sourceTree = "<group>";
		};
		84CBF7EE25600CC5007353DF = {
			isa = PBXGroup;
			children = (
				84CBF7F925600CC5007353DF /* CountriesOfTheWorldApp */,
				84CBF7F825600CC5007353DF /* Products */,
			);
			sourceTree = "<group>";
		};
		84CBF7F825600CC5007353DF /* Products */ = {
			isa = PBXGroup;
			children = (
				84CBF7F725600CC5007353DF /* CountriesOfTheWorldApp.app */,
			);
			name = Products;
			sourceTree = "<group>";
		};
		84CBF7F925600CC5007353DF /* CountriesOfTheWorldApp */ = {
			isa = PBXGroup;
			children = (
				842E1E8D2561551B00C5144E /* ViewControllers */,
				842E1E912561556900C5144E /* Storyboards */,
				842E1E902561555500C5144E /* NetworkManager */,
				842E1E8F2561552E00C5144E /* Model */,
				842E1E972561669E00C5144E /* Extensions */,
				84CBF7FA25600CC5007353DF /* AppDelegate.swift */,
				84CBF7FC25600CC5007353DF /* SceneDelegate.swift */,
				84CBF81125600D37007353DF /* CollectionViewCell.swift */,
				84CBF80325600CC8007353DF /* Assets.xcassets */,
				84CBF80825600CC8007353DF /* Info.plist */,
			);
			path = CountriesOfTheWorldApp;
			sourceTree = "<group>";
		};
/* End PBXGroup section */

/* Begin PBXNativeTarget section */
		84CBF7F625600CC5007353DF /* CountriesOfTheWorldApp */ = {
			isa = PBXNativeTarget;
			buildConfigurationList = 84CBF80B25600CC8007353DF /* Build configuration list for PBXNativeTarget "CountriesOfTheWorldApp" */;
			buildPhases = (
				84CBF7F325600CC5007353DF /* Sources */,
				84CBF7F425600CC5007353DF /* Frameworks */,
				84CBF7F525600CC5007353DF /* Resources */,
			);
			buildRules = (
			);
			dependencies = (
			);
			name = CountriesOfTheWorldApp;
			productName = CountriesOfTheWorldApp;
			productReference = 84CBF7F725600CC5007353DF /* CountriesOfTheWorldApp.app */;
			productType = "com.apple.product-type.application";
		};
/* End PBXNativeTarget section */

/* Begin PBXProject section */
		84CBF7EF25600CC5007353DF /* Project object */ = {
			isa = PBXProject;
			attributes = {
				LastSwiftUpdateCheck = 1220;
				LastUpgradeCheck = 1220;
				TargetAttributes = {
					84CBF7F625600CC5007353DF = {
						CreatedOnToolsVersion = 12.2;
					};
				};
			};
			buildConfigurationList = 84CBF7F225600CC5007353DF /* Build configuration list for PBXProject "CountriesOfTheWorldApp" */;
			compatibilityVersion = "Xcode 9.3";
			developmentRegion = en;
			hasScannedForEncodings = 0;
			knownRegions = (
				en,
				Base,
			);
			mainGroup = 84CBF7EE25600CC5007353DF;
			productRefGroup = 84CBF7F825600CC5007353DF /* Products */;
			projectDirPath = "";
			projectRoot = "";
			targets = (
				84CBF7F625600CC5007353DF /* CountriesOfTheWorldApp */,
			);
		};
/* End PBXProject section */

/* Begin PBXResourcesBuildPhase section */
		84CBF7F525600CC5007353DF /* Resources */ = {
			isa = PBXResourcesBuildPhase;
			buildActionMask = 2147483647;
			files = (
				84CBF80725600CC8007353DF /* LaunchScreen.storyboard in Resources */,
				84CBF80425600CC8007353DF /* Assets.xcassets in Resources */,
				84CBF80225600CC5007353DF /* Main.storyboard in Resources */,
			);
			runOnlyForDeploymentPostprocessing = 0;
		};
/* End PBXResourcesBuildPhase section */

/* Begin PBXSourcesBuildPhase section */
		84CBF7F325600CC5007353DF /* Sources */ = {
			isa = PBXSourcesBuildPhase;
			buildActionMask = 2147483647;
			files = (
				84CBF81B25603305007353DF /* NetworkManager.swift in Sources */,
				84CBF81525600D77007353DF /* ListOfCountriesCollectionViewController.swift in Sources */,
				84CBF7FB25600CC5007353DF /* AppDelegate.swift in Sources */,
				84CBF7FD25600CC5007353DF /* SceneDelegate.swift in Sources */,
				84CBF81825600EA9007353DF /* Country.swift in Sources */,
				84CBF81225600D37007353DF /* CollectionViewCell.swift in Sources */,
				842E1E94256159F000C5144E /* Extension + UIViewController.swift in Sources */,
				84CBF81E256050DC007353DF /* DetailInformationViewController.swift in Sources */,
			);
			runOnlyForDeploymentPostprocessing = 0;
		};
/* End PBXSourcesBuildPhase section */

/* Begin PBXVariantGroup section */
		84CBF80025600CC5007353DF /* Main.storyboard */ = {
			isa = PBXVariantGroup;
			children = (
				84CBF80125600CC5007353DF /* Base */,
			);
			name = Main.storyboard;
			sourceTree = "<group>";
		};
		84CBF80525600CC8007353DF /* LaunchScreen.storyboard */ = {
			isa = PBXVariantGroup;
			children = (
				84CBF80625600CC8007353DF /* Base */,
			);
			name = LaunchScreen.storyboard;
			sourceTree = "<group>";
		};
/* End PBXVariantGroup section */

/* Begin XCBuildConfiguration section */
		84CBF80925600CC8007353DF /* Debug */ = {
			isa = XCBuildConfiguration;
			buildSettings = {
				ALWAYS_SEARCH_USER_PATHS = NO;
				CLANG_ANALYZER_NONNULL = YES;
				CLANG_ANALYZER_NUMBER_OBJECT_CONVERSION = YES_AGGRESSIVE;
				CLANG_CXX_LANGUAGE_STANDARD = "gnu++14";
				CLANG_CXX_LIBRARY = "libc++";
				CLANG_ENABLE_MODULES = YES;
				CLANG_ENABLE_OBJC_ARC = YES;
				CLANG_ENABLE_OBJC_WEAK = YES;
				CLANG_WARN_BLOCK_CAPTURE_AUTORELEASING = YES;
				CLANG_WARN_BOOL_CONVERSION = YES;
				CLANG_WARN_COMMA = YES;
				CLANG_WARN_CONSTANT_CONVERSION = YES;
				CLANG_WARN_DEPRECATED_OBJC_IMPLEMENTATIONS = YES;
				CLANG_WARN_DIRECT_OBJC_ISA_USAGE = YES_ERROR;
				CLANG_WARN_DOCUMENTATION_COMMENTS = YES;
				CLANG_WARN_EMPTY_BODY = YES;
				CLANG_WARN_ENUM_CONVERSION = YES;
				CLANG_WARN_INFINITE_RECURSION = YES;
				CLANG_WARN_INT_CONVERSION = YES;
				CLANG_WARN_NON_LITERAL_NULL_CONVERSION = YES;
				CLANG_WARN_OBJC_IMPLICIT_RETAIN_SELF = YES;
				CLANG_WARN_OBJC_LITERAL_CONVERSION = YES;
				CLANG_WARN_OBJC_ROOT_CLASS = YES_ERROR;
				CLANG_WARN_QUOTED_INCLUDE_IN_FRAMEWORK_HEADER = YES;
				CLANG_WARN_RANGE_LOOP_ANALYSIS = YES;
				CLANG_WARN_STRICT_PROTOTYPES = YES;
				CLANG_WARN_SUSPICIOUS_MOVE = YES;
				CLANG_WARN_UNGUARDED_AVAILABILITY = YES_AGGRESSIVE;
				CLANG_WARN_UNREACHABLE_CODE = YES;
				CLANG_WARN__DUPLICATE_METHOD_MATCH = YES;
				COPY_PHASE_STRIP = NO;
				DEBUG_INFORMATION_FORMAT = dwarf;
				ENABLE_STRICT_OBJC_MSGSEND = YES;
				ENABLE_TESTABILITY = YES;
				GCC_C_LANGUAGE_STANDARD = gnu11;
				GCC_DYNAMIC_NO_PIC = NO;
				GCC_NO_COMMON_BLOCKS = YES;
				GCC_OPTIMIZATION_LEVEL = 0;
				GCC_PREPROCESSOR_DEFINITIONS = (
					"DEBUG=1",
					"$(inherited)",
				);
				GCC_WARN_64_TO_32_BIT_CONVERSION = YES;
				GCC_WARN_ABOUT_RETURN_TYPE = YES_ERROR;
				GCC_WARN_UNDECLARED_SELECTOR = YES;
				GCC_WARN_UNINITIALIZED_AUTOS = YES_AGGRESSIVE;
				GCC_WARN_UNUSED_FUNCTION = YES;
				GCC_WARN_UNUSED_VARIABLE = YES;
				IPHONEOS_DEPLOYMENT_TARGET = 14.2;
				MTL_ENABLE_DEBUG_INFO = INCLUDE_SOURCE;
				MTL_FAST_MATH = YES;
				ONLY_ACTIVE_ARCH = YES;
				SDKROOT = iphoneos;
				SWIFT_ACTIVE_COMPILATION_CONDITIONS = DEBUG;
				SWIFT_OPTIMIZATION_LEVEL = "-Onone";
			};
			name = Debug;
		};
		84CBF80A25600CC8007353DF /* Release */ = {
			isa = XCBuildConfiguration;
			buildSettings = {
				ALWAYS_SEARCH_USER_PATHS = NO;
				CLANG_ANALYZER_NONNULL = YES;
				CLANG_ANALYZER_NUMBER_OBJECT_CONVERSION = YES_AGGRESSIVE;
				CLANG_CXX_LANGUAGE_STANDARD = "gnu++14";
				CLANG_CXX_LIBRARY = "libc++";
				CLANG_ENABLE_MODULES = YES;
				CLANG_ENABLE_OBJC_ARC = YES;
				CLANG_ENABLE_OBJC_WEAK = YES;
				CLANG_WARN_BLOCK_CAPTURE_AUTORELEASING = YES;
				CLANG_WARN_BOOL_CONVERSION = YES;
				CLANG_WARN_COMMA = YES;
				CLANG_WARN_CONSTANT_CONVERSION = YES;
				CLANG_WARN_DEPRECATED_OBJC_IMPLEMENTATIONS = YES;
				CLANG_WARN_DIRECT_OBJC_ISA_USAGE = YES_ERROR;
				CLANG_WARN_DOCUMENTATION_COMMENTS = YES;
				CLANG_WARN_EMPTY_BODY = YES;
				CLANG_WARN_ENUM_CONVERSION = YES;
				CLANG_WARN_INFINITE_RECURSION = YES;
				CLANG_WARN_INT_CONVERSION = YES;
				CLANG_WARN_NON_LITERAL_NULL_CONVERSION = YES;
				CLANG_WARN_OBJC_IMPLICIT_RETAIN_SELF = YES;
				CLANG_WARN_OBJC_LITERAL_CONVERSION = YES;
				CLANG_WARN_OBJC_ROOT_CLASS = YES_ERROR;
				CLANG_WARN_QUOTED_INCLUDE_IN_FRAMEWORK_HEADER = YES;
				CLANG_WARN_RANGE_LOOP_ANALYSIS = YES;
				CLANG_WARN_STRICT_PROTOTYPES = YES;
				CLANG_WARN_SUSPICIOUS_MOVE = YES;
				CLANG_WARN_UNGUARDED_AVAILABILITY = YES_AGGRESSIVE;
				CLANG_WARN_UNREACHABLE_CODE = YES;
				CLANG_WARN__DUPLICATE_METHOD_MATCH = YES;
				COPY_PHASE_STRIP = NO;
				DEBUG_INFORMATION_FORMAT = "dwarf-with-dsym";
				ENABLE_NS_ASSERTIONS = NO;
				ENABLE_STRICT_OBJC_MSGSEND = YES;
				GCC_C_LANGUAGE_STANDARD = gnu11;
				GCC_NO_COMMON_BLOCKS = YES;
				GCC_WARN_64_TO_32_BIT_CONVERSION = YES;
				GCC_WARN_ABOUT_RETURN_TYPE = YES_ERROR;
				GCC_WARN_UNDECLARED_SELECTOR = YES;
				GCC_WARN_UNINITIALIZED_AUTOS = YES_AGGRESSIVE;
				GCC_WARN_UNUSED_FUNCTION = YES;
				GCC_WARN_UNUSED_VARIABLE = YES;
				IPHONEOS_DEPLOYMENT_TARGET = 14.2;
				MTL_ENABLE_DEBUG_INFO = NO;
				MTL_FAST_MATH = YES;
				SDKROOT = iphoneos;
				SWIFT_COMPILATION_MODE = wholemodule;
				SWIFT_OPTIMIZATION_LEVEL = "-O";
				VALIDATE_PRODUCT = YES;
			};
			name = Release;
		};
		84CBF80C25600CC8007353DF /* Debug */ = {
			isa = XCBuildConfiguration;
			buildSettings = {
				ASSETCATALOG_COMPILER_APPICON_NAME = AppIcon;
				ASSETCATALOG_COMPILER_GLOBAL_ACCENT_COLOR_NAME = AccentColor;
				CODE_SIGN_STYLE = Automatic;
				DEVELOPMENT_TEAM = 7769A574Q6;
				INFOPLIST_FILE = CountriesOfTheWorldApp/Info.plist;
				LD_RUNPATH_SEARCH_PATHS = (
					"$(inherited)",
					"@executable_path/Frameworks",
				);
				PRODUCT_BUNDLE_IDENTIFIER = test.CountriesOfTheWorldApp;
				PRODUCT_NAME = "$(TARGET_NAME)";
				SWIFT_VERSION = 5.0;
				TARGETED_DEVICE_FAMILY = 1;
			};
			name = Debug;
		};
		84CBF80D25600CC8007353DF /* Release */ = {
			isa = XCBuildConfiguration;
			buildSettings = {
				ASSETCATALOG_COMPILER_APPICON_NAME = AppIcon;
				ASSETCATALOG_COMPILER_GLOBAL_ACCENT_COLOR_NAME = AccentColor;
				CODE_SIGN_STYLE = Automatic;
				DEVELOPMENT_TEAM = 7769A574Q6;
				INFOPLIST_FILE = CountriesOfTheWorldApp/Info.plist;
				LD_RUNPATH_SEARCH_PATHS = (
					"$(inherited)",
					"@executable_path/Frameworks",
				);
				PRODUCT_BUNDLE_IDENTIFIER = test.CountriesOfTheWorldApp;
				PRODUCT_NAME = "$(TARGET_NAME)";
				SWIFT_VERSION = 5.0;
				TARGETED_DEVICE_FAMILY = 1;
			};
			name = Release;
		};
/* End XCBuildConfiguration section */

/* Begin XCConfigurationList section */
		84CBF7F225600CC5007353DF /* Build configuration list for PBXProject "CountriesOfTheWorldApp" */ = {
			isa = XCConfigurationList;
			buildConfigurations = (
				84CBF80925600CC8007353DF /* Debug */,
				84CBF80A25600CC8007353DF /* Release */,
			);
			defaultConfigurationIsVisible = 0;
			defaultConfigurationName = Release;
		};
		84CBF80B25600CC8007353DF /* Build configuration list for PBXNativeTarget "CountriesOfTheWorldApp" */ = {
			isa = XCConfigurationList;
			buildConfigurations = (
				84CBF80C25600CC8007353DF /* Debug */,
				84CBF80D25600CC8007353DF /* Release */,
			);
			defaultConfigurationIsVisible = 0;
			defaultConfigurationName = Release;
		};
/* End XCConfigurationList section */
	};
	rootObject = 84CBF7EF25600CC5007353DF /* Project object */;
}
